<?xml version="1.0" encoding="utf-8"?>
<Project ToolsVersion="4.0" xmlns="http://schemas.microsoft.com/developer/msbuild/2003">
  <ItemGroup>
    <Filter Include="External">
      <UniqueIdentifier>{c1090d20-4436-479b-955c-5e61ba9e9316}</UniqueIdentifier>
    </Filter>
    <Filter Include="Resources">
      <UniqueIdentifier>{13c92e9d-6f6e-448d-a741-d55ea7801baa}</UniqueIdentifier>
    </Filter>
    <Filter Include="sources">
      <UniqueIdentifier>{aa93313b-e51d-477d-a89a-801bd6e1fae4}</UniqueIdentifier>
    </Filter>
    <Filter Include="sources\Engine">
      <UniqueIdentifier>{5b1be235-e37a-4eaf-87bf-598652015aa2}</UniqueIdentifier>
    </Filter>
    <Filter Include="sources\Graphics">
      <UniqueIdentifier>{9c18fdaa-92d5-4c6f-86a3-2b51499f87c1}</UniqueIdentifier>
    </Filter>
    <Filter Include="sources\Geometry">
      <UniqueIdentifier>{cc993196-a9d4-4895-8c56-d1c2d599d794}</UniqueIdentifier>
    </Filter>
    <Filter Include="sources\Mathematics">
      <UniqueIdentifier>{0719502d-b694-428f-a6e1-166756bc26f5}</UniqueIdentifier>
    </Filter>
    <Filter Include="Shaders">
      <UniqueIdentifier>{67571d99-ab87-40c7-ae24-b4381c6ea90c}</UniqueIdentifier>
    </Filter>
    <Filter Include="Shaders\Pixel">
      <UniqueIdentifier>{fee04529-4ac7-49dd-87e5-0e73b9815df4}</UniqueIdentifier>
    </Filter>
    <Filter Include="Shaders\Vertex">
      <UniqueIdentifier>{91e957b8-ff0c-47a2-b4fd-9f901a7f0aac}</UniqueIdentifier>
    </Filter>
    <Filter Include="sources\Camera">
      <UniqueIdentifier>{646106bb-9ad8-4bcc-ae5b-b6605caa0e62}</UniqueIdentifier>
    </Filter>
    <Filter Include="External\imgui">
      <UniqueIdentifier>{d23c47ec-76a7-49cd-bf70-e0c260be0acd}</UniqueIdentifier>
    </Filter>
    <Filter Include="External\OpenFBX">
      <UniqueIdentifier>{91de01c3-d931-4d23-9e80-1b0c55353a78}</UniqueIdentifier>
    </Filter>
    <Filter Include="sources\Graphics\Device">
      <UniqueIdentifier>{7c24c08f-ed35-443b-a004-ff979179db19}</UniqueIdentifier>
    </Filter>
    <Filter Include="sources\Graphics\Materials">
      <UniqueIdentifier>{26d461fb-215b-40ed-8fde-5441201a7342}</UniqueIdentifier>
    </Filter>
    <Filter Include="sources\Graphics\Shaders">
      <UniqueIdentifier>{3fc79acd-9482-4370-8bf2-86e575d531de}</UniqueIdentifier>
    </Filter>
    <Filter Include="sources\Graphics\Shaders\Core">
      <UniqueIdentifier>{9674d74c-d131-4179-9387-2f29997c48d8}</UniqueIdentifier>
    </Filter>
    <Filter Include="sources\Graphics\Shaders\Structures">
      <UniqueIdentifier>{dc0ab6fe-3458-4f95-865b-ec1b5e5923a7}</UniqueIdentifier>
    </Filter>
    <Filter Include="sources\Graphics\Shaders\Shaders">
      <UniqueIdentifier>{5b10d9d5-f993-4a3a-ab2d-645f8b063a98}</UniqueIdentifier>
    </Filter>
    <Filter Include="sources\Graphics\Device\Accelerator">
      <UniqueIdentifier>{82e138a0-2336-4de8-aafd-1b3361887d17}</UniqueIdentifier>
    </Filter>
    <Filter Include="sources\Animation">
      <UniqueIdentifier>{a368d189-73dd-4c2c-8109-ae7eb3b663cf}</UniqueIdentifier>
    </Filter>
    <Filter Include="sources\Animation\Skeleton">
      <UniqueIdentifier>{8b2ad68f-4c8a-4e9f-a8fc-ce50949eaa97}</UniqueIdentifier>
    </Filter>
    <Filter Include="sources\Animation\Structures">
      <UniqueIdentifier>{c8b00e4c-e965-45a6-9eb3-b1bdf0fd6f09}</UniqueIdentifier>
    </Filter>
    <Filter Include="sources\Graphics\Engine Components">
      <UniqueIdentifier>{af612aeb-6be7-4fc8-8214-ac16d56c78a4}</UniqueIdentifier>
    </Filter>
    <Filter Include="sources\Design Patterns">
      <UniqueIdentifier>{7120a9c5-ac4e-4fb7-bdc0-aa4cf938309c}</UniqueIdentifier>
    </Filter>
    <Filter Include="sources\Graphics\Engine Components\Renderer">
      <UniqueIdentifier>{fc346bde-c31c-4abe-a4fe-4024dbcd7d17}</UniqueIdentifier>
    </Filter>
    <Filter Include="sources\Graphics\Engine Components\Renderer\RasterizerStates">
      <UniqueIdentifier>{dbde06ba-16d0-426d-9c5f-954a3cabe5d1}</UniqueIdentifier>
    </Filter>
    <Filter Include="sources\Graphics\Engine Components\Renderer\Renderer Components">
      <UniqueIdentifier>{a21d76b2-681e-4cb9-8b48-80c0e6e51a7e}</UniqueIdentifier>
    </Filter>
    <Filter Include="sources\Graphics\Engine Components\Renderer\SamplerStates">
      <UniqueIdentifier>{eeb92424-01bd-4966-a25f-25913be0dc61}</UniqueIdentifier>
    </Filter>
    <Filter Include="sources\Geometry\SpecializedMeshes">
      <UniqueIdentifier>{feeb0aba-9d2f-41b9-95ae-88c6249b1daf}</UniqueIdentifier>
    </Filter>
    <Filter Include="sources\Graphics\Engine Components\Graphics">
      <UniqueIdentifier>{ee1102d4-b452-4ae2-ab53-37f21eeb668e}</UniqueIdentifier>
    </Filter>
    <Filter Include="sources\Graphics\Engine Components\UI">
      <UniqueIdentifier>{3f2bb576-0881-4bbd-b327-93a9163de522}</UniqueIdentifier>
    </Filter>
    <Filter Include="sources\Graphics\Engine Components\Core">
      <UniqueIdentifier>{606e4bf2-0a01-4a0b-8b3c-e697f276a512}</UniqueIdentifier>
    </Filter>
    <Filter Include="sources\Graphics\Engine Components\Input">
      <UniqueIdentifier>{789699bb-c314-42a9-b982-6a74a2f5905f}</UniqueIdentifier>
    </Filter>
    <Filter Include="sources\Graphics\Engine Components\Input\InputDevice">
      <UniqueIdentifier>{e38c769f-78ec-42cb-b0ca-06164fc2c2fa}</UniqueIdentifier>
    </Filter>
    <Filter Include="sources\Geometry\World">
      <UniqueIdentifier>{085ce8bb-6562-42a4-9c41-8fa9e7f7c2fe}</UniqueIdentifier>
    </Filter>
    <Filter Include="sources\Graphics\Engine Components\Import Component">
      <UniqueIdentifier>{59ac0d0d-61de-4bbe-ab6f-08f71833dcb9}</UniqueIdentifier>
    </Filter>
    <Filter Include="sources\Asset">
      <UniqueIdentifier>{2c70c442-7e0e-41b1-b6ec-1083959ffd3b}</UniqueIdentifier>
    </Filter>
    <Filter Include="sources\Graphics\Engine Components\World Component">
      <UniqueIdentifier>{5f2c09eb-a044-47c2-9eac-eb8e71943504}</UniqueIdentifier>
    </Filter>
    <Filter Include="sources\Graphics\Engine Components\World Component\Sub Components">
      <UniqueIdentifier>{b5c7f1fa-d8e5-4fa3-9ea9-f6ca377d055b}</UniqueIdentifier>
    </Filter>
  </ItemGroup>
  <ItemGroup>
    <ClCompile Include="main.cpp" />
    <ClCompile Include="..\..\backends\imgui_demo.cpp">
      <Filter>External\imgui</Filter>
    </ClCompile>
    <ClCompile Include="..\..\backends\imgui_draw.cpp">
      <Filter>External\imgui</Filter>
    </ClCompile>
    <ClCompile Include="..\..\backends\imgui_impl_dx11.cpp">
      <Filter>External\imgui</Filter>
    </ClCompile>
    <ClCompile Include="..\..\backends\imgui_impl_win32.cpp">
      <Filter>External\imgui</Filter>
    </ClCompile>
    <ClCompile Include="..\..\backends\imgui_tables.cpp">
      <Filter>External\imgui</Filter>
    </ClCompile>
    <ClCompile Include="..\..\backends\imgui_widgets.cpp">
      <Filter>External\imgui</Filter>
    </ClCompile>
    <ClCompile Include="..\..\backends\imgui.cpp">
      <Filter>External\imgui</Filter>
    </ClCompile>
    <ClCompile Include="Engine\TestEngine.cpp">
      <Filter>sources\Engine</Filter>
    </ClCompile>
    <ClCompile Include="BaseCamera.cpp">
      <Filter>sources\Camera</Filter>
    </ClCompile>
    <ClCompile Include="..\..\External\OpenFBX\miniz.c">
      <Filter>External\OpenFBX</Filter>
    </ClCompile>
    <ClCompile Include="..\..\External\OpenFBX\ofbx.cpp">
      <Filter>External\OpenFBX</Filter>
    </ClCompile>
    <ClCompile Include="GraphicsDevice.cpp">
      <Filter>sources\Graphics\Device</Filter>
    </ClCompile>
    <ClCompile Include="GraphicsDeviceBase.cpp">
      <Filter>sources\Graphics\Device</Filter>
    </ClCompile>
    <ClCompile Include="..\..\backends\ImGuizmo.cpp">
      <Filter>External\imgui</Filter>
    </ClCompile>
    <ClCompile Include="Material.cpp">
      <Filter>sources\Graphics\Materials</Filter>
    </ClCompile>
    <ClCompile Include="Texture.cpp">
      <Filter>sources\Graphics\Materials</Filter>
    </ClCompile>
    <ClCompile Include="Engine\Graphics\BaseShader.cpp">
      <Filter>sources\Graphics\Shaders\Core</Filter>
    </ClCompile>
    <ClCompile Include="Engine\Graphics\VertexShader.cpp">
      <Filter>sources\Graphics\Shaders\Shaders</Filter>
    </ClCompile>
    <ClCompile Include="Engine\Graphics\PixelShader.cpp">
      <Filter>sources\Graphics\Shaders\Shaders</Filter>
    </ClCompile>
    <ClCompile Include="RasterizerState.cpp">
      <Filter>sources\Graphics\Engine Components\Renderer\RasterizerStates</Filter>
    </ClCompile>
    <ClCompile Include="BaseRendererComponent.cpp">
      <Filter>sources\Graphics\Engine Components\Renderer\Renderer Components</Filter>
    </ClCompile>
    <ClCompile Include="DirectX11RendererComponent.cpp">
      <Filter>sources\Graphics\Engine Components\Renderer\Renderer Components</Filter>
    </ClCompile>
    <ClCompile Include="SamplerState.cpp">
      <Filter>sources\Graphics\Engine Components\Renderer\SamplerStates</Filter>
    </ClCompile>
    <ClCompile Include="StaticMesh.cpp">
      <Filter>sources\Geometry\SpecializedMeshes</Filter>
    </ClCompile>
    <ClCompile Include="GraphicsComponent.cpp">
      <Filter>sources\Graphics\Engine Components\Graphics</Filter>
    </ClCompile>
    <ClCompile Include="UIComponent.cpp">
      <Filter>sources\Graphics\Engine Components\UI</Filter>
    </ClCompile>
    <ClCompile Include="EngineComponent.cpp">
      <Filter>sources\Graphics\Engine Components\Core</Filter>
    </ClCompile>
    <ClCompile Include="InputComponent.cpp">
      <Filter>sources\Graphics\Engine Components\Input</Filter>
    </ClCompile>
    <ClCompile Include="Keyboard.cpp">
      <Filter>sources\Graphics\Engine Components\Input\InputDevice</Filter>
    </ClCompile>
    <ClCompile Include="InputDeviceBase.cpp">
      <Filter>sources\Graphics\Engine Components\Input\InputDevice</Filter>
    </ClCompile>
    <ClCompile Include="Mouse.cpp">
      <Filter>sources\Graphics\Engine Components\Input\InputDevice</Filter>
    </ClCompile>
    <ClCompile Include="World.cpp">
      <Filter>sources\Geometry\World</Filter>
    </ClCompile>
    <ClCompile Include="DynamicMesh.cpp">
      <Filter>sources\Geometry\SpecializedMeshes</Filter>
    </ClCompile>
    <ClCompile Include="WorldBase.cpp">
      <Filter>sources\Geometry\World</Filter>
    </ClCompile>
    <ClCompile Include="ImportComponent.cpp">
      <Filter>sources\Graphics\Engine Components\Import Component</Filter>
    </ClCompile>
    <ClCompile Include="FBXComponent.cpp">
      <Filter>sources\Graphics\Engine Components\Import Component</Filter>
    </ClCompile>
    <ClCompile Include="WorldComponent.cpp">
      <Filter>sources\Graphics\Engine Components\World Component</Filter>
    </ClCompile>
    <ClCompile Include="FBX\New folder\Skeleton.cpp">
      <Filter>sources\Animation\Skeleton</Filter>
    </ClCompile>
    <ClCompile Include="ResourceManagerComponent.cpp" />
  </ItemGroup>
  <ItemGroup>
    <Image Include="..\..\Resources\BoltAILogo.png">
      <Filter>Resources</Filter>
    </Image>
    <Image Include="..\..\Resources\BoltAILogo.ico">
      <Filter>Resources</Filter>
    </Image>
  </ItemGroup>
  <ItemGroup>
    <ResourceCompile Include="Application.rc">
      <Filter>Resources</Filter>
    </ResourceCompile>
  </ItemGroup>
  <ItemGroup>
    <ClInclude Include="..\..\backends\imconfig.h">
      <Filter>External\imgui</Filter>
    </ClInclude>
    <ClInclude Include="..\..\backends\imgui_impl_dx11.h">
      <Filter>External\imgui</Filter>
    </ClInclude>
    <ClInclude Include="..\..\backends\imgui_impl_win32.h">
      <Filter>External\imgui</Filter>
    </ClInclude>
    <ClInclude Include="..\..\backends\imgui_internal.h">
      <Filter>External\imgui</Filter>
    </ClInclude>
    <ClInclude Include="..\..\backends\imstb_rectpack.h">
      <Filter>External\imgui</Filter>
    </ClInclude>
    <ClInclude Include="..\..\backends\imstb_textedit.h">
      <Filter>External\imgui</Filter>
    </ClInclude>
    <ClInclude Include="..\..\backends\imstb_truetype.h">
      <Filter>External\imgui</Filter>
    </ClInclude>
    <ClInclude Include="..\..\backends\imgui.h">
      <Filter>External\imgui</Filter>
    </ClInclude>
    <ClInclude Include="Engine\TestEngine.h">
      <Filter>sources\Engine</Filter>
    </ClInclude>
    <ClInclude Include="Engine\TestEngineBase.h">
      <Filter>sources\Engine</Filter>
    </ClInclude>
    <ClInclude Include="resource.h">
      <Filter>sources\Engine</Filter>
    </ClInclude>
    <ClInclude Include="Vertex.h">
      <Filter>sources\Geometry</Filter>
    </ClInclude>
    <ClInclude Include="BaseCamera.h">
      <Filter>sources\Camera</Filter>
    </ClInclude>
    <ClInclude Include="FBX\New folder\Joint.h">
      <Filter>sources\Animation\Skeleton</Filter>
    </ClInclude>
    <ClInclude Include="..\..\External\OpenFBX\miniz.h">
      <Filter>External\OpenFBX</Filter>
    </ClInclude>
    <ClInclude Include="..\..\External\OpenFBX\ofbx.h">
      <Filter>External\OpenFBX</Filter>
    </ClInclude>
    <ClInclude Include="FBX\New folder\Bone.h">
      <Filter>sources\Animation\Skeleton</Filter>
    </ClInclude>
    <ClInclude Include="FBX\New folder\Skeleton.h">
      <Filter>sources\Animation\Skeleton</Filter>
    </ClInclude>
    <ClInclude Include="GraphicsDevice.h">
      <Filter>sources\Graphics\Device</Filter>
    </ClInclude>
    <ClInclude Include="GraphicsDeviceBase.h">
      <Filter>sources\Graphics\Device</Filter>
    </ClInclude>
    <ClInclude Include="..\..\backends\ImGuizmo.h">
      <Filter>External\imgui</Filter>
    </ClInclude>
    <ClInclude Include="Mesh\BaseMesh.h">
      <Filter>sources\Geometry</Filter>
    </ClInclude>
    <ClInclude Include="Material.h">
      <Filter>sources\Graphics\Materials</Filter>
    </ClInclude>
    <ClInclude Include="Texture.h">
      <Filter>sources\Graphics\Materials</Filter>
    </ClInclude>
    <ClInclude Include="Engine\Graphics\ShaderStructures.h">
      <Filter>sources\Graphics\Shaders\Structures</Filter>
    </ClInclude>
    <ClInclude Include="Engine\Graphics\GraphicsBufferBase.h">
      <Filter>sources\Graphics\Shaders\Structures</Filter>
    </ClInclude>
    <ClInclude Include="Engine\Graphics\BaseGraphicsProgram.h">
      <Filter>sources\Graphics\Shaders\Core</Filter>
    </ClInclude>
    <ClInclude Include="Engine\Graphics\BaseShader.h">
      <Filter>sources\Graphics\Shaders\Core</Filter>
    </ClInclude>
    <ClInclude Include="Engine\Graphics\VertexShader.h">
      <Filter>sources\Graphics\Shaders\Shaders</Filter>
    </ClInclude>
    <ClInclude Include="Engine\Graphics\PixelShader.h">
      <Filter>sources\Graphics\Shaders\Shaders</Filter>
    </ClInclude>
    <ClInclude Include="Engine\Graphics\Accelerator.h">
      <Filter>sources\Graphics\Device\Accelerator</Filter>
    </ClInclude>
    <ClInclude Include="Mathematics\Vector4.h">
      <Filter>sources\Mathematics</Filter>
    </ClInclude>
    <ClInclude Include="Mathematics\Scalar.h">
      <Filter>sources\Mathematics</Filter>
    </ClInclude>
    <ClInclude Include="Mathematics\Vector3.h">
      <Filter>sources\Mathematics</Filter>
    </ClInclude>
    <ClInclude Include="Engine\Singleton.h">
      <Filter>sources\Design Patterns</Filter>
    </ClInclude>
    <ClInclude Include="BaseRasterizerState.h">
      <Filter>sources\Graphics\Engine Components\Renderer\RasterizerStates</Filter>
    </ClInclude>
    <ClInclude Include="RasterizerState.h">
      <Filter>sources\Graphics\Engine Components\Renderer\RasterizerStates</Filter>
    </ClInclude>
    <ClInclude Include="BaseRendererComponent.h">
      <Filter>sources\Graphics\Engine Components\Renderer\Renderer Components</Filter>
    </ClInclude>
    <ClInclude Include="DirectX11RendererComponent.h">
      <Filter>sources\Graphics\Engine Components\Renderer\Renderer Components</Filter>
    </ClInclude>
    <ClInclude Include="SamplerState.h">
      <Filter>sources\Graphics\Engine Components\Renderer\SamplerStates</Filter>
    </ClInclude>
    <ClInclude Include="StaticMesh.h">
      <Filter>sources\Geometry\SpecializedMeshes</Filter>
    </ClInclude>
    <ClInclude Include="GraphicsComponent.h">
      <Filter>sources\Graphics\Engine Components\Graphics</Filter>
    </ClInclude>
    <ClInclude Include="UIComponent.h">
      <Filter>sources\Graphics\Engine Components\UI</Filter>
    </ClInclude>
    <ClInclude Include="EngineComponent.h">
      <Filter>sources\Graphics\Engine Components\Core</Filter>
    </ClInclude>
    <ClInclude Include="InputComponent.h">
      <Filter>sources\Graphics\Engine Components\Input</Filter>
    </ClInclude>
    <ClInclude Include="Keyboard.h">
      <Filter>sources\Graphics\Engine Components\Input\InputDevice</Filter>
    </ClInclude>
    <ClInclude Include="InputDeviceBase.h">
      <Filter>sources\Graphics\Engine Components\Input\InputDevice</Filter>
    </ClInclude>
    <ClInclude Include="Mouse.h">
      <Filter>sources\Graphics\Engine Components\Input\InputDevice</Filter>
    </ClInclude>
    <ClInclude Include="World.h">
      <Filter>sources\Geometry\World</Filter>
    </ClInclude>
    <ClInclude Include="DynamicMesh.h">
      <Filter>sources\Geometry\SpecializedMeshes</Filter>
    </ClInclude>
    <ClInclude Include="WorldBase.h">
      <Filter>sources\Geometry\World</Filter>
    </ClInclude>
    <ClInclude Include="ImportComponent.h">
      <Filter>sources\Graphics\Engine Components\Import Component</Filter>
    </ClInclude>
    <ClInclude Include="FBXComponent.h">
      <Filter>sources\Graphics\Engine Components\Import Component</Filter>
    </ClInclude>
    <ClInclude Include="Mathematics\Matrix4x4.h">
      <Filter>sources\Mathematics</Filter>
    </ClInclude>
    <ClInclude Include="Object.h">
      <Filter>sources\Asset</Filter>
    </ClInclude>
    <ClInclude Include="AnimObject.h">
      <Filter>sources\Asset</Filter>
    </ClInclude>
    <ClInclude Include="Engine\Animation\AnimationStructures.h">
      <Filter>sources\Animation\Structures</Filter>
    </ClInclude>
    <ClInclude Include="WorldComponent.h">
      <Filter>sources\Graphics\Engine Components\World Component</Filter>
    </ClInclude>
    <ClInclude Include="ResourceManagerComponent.h" />
  </ItemGroup>
  <ItemGroup>
    <None Include="..\..\misc\debuggers\imgui.natvis">
      <Filter>sources</Filter>
    </None>
    <None Include="packages.config" />
    <None Include="Engine\Graphics\EngineDiagram.cd">
      <Filter>sources\Engine</Filter>
    </None>
    <None Include="Engine\Graphics\MaterialsTexturesClassDiagram.cd">
      <Filter>sources\Graphics\Materials</Filter>
    </None>
  </ItemGroup>
  <ItemGroup>
    <FxCompile Include="FBX\New folder\BasePS.hlsl">
      <Filter>Shaders\Pixel</Filter>
    </FxCompile>
    <FxCompile Include="FBX\New folder\BaseVS.hlsl">
      <Filter>Shaders\Vertex</Filter>
    </FxCompile>
  </ItemGroup>
</Project>